
Microsoft Visual Studio Solution File, Format Version 12.00
# Visual Studio Version 16
VisualStudioVersion = 16.0.30503.244
MinimumVisualStudioVersion = 10.0.40219.1
Project("{FAE04EC0-301F-11D3-BF4B-00C04F79EFBC}") = "WorkingDataTable", "WorkingDataTable\WorkingDataTable.csproj", "{9EA5F4F7-5797-4FD6-9636-45141D892176}"
EndProject
Global
	GlobalSection(SolutionConfigurationPlatforms) = preSolution
		Debug|Any CPU = Debug|Any CPU
		Release|Any CPU = Release|Any CPU
	EndGlobalSection
	GlobalSection(ProjectConfigurationPlatforms) = postSolution
		{9EA5F4F7-5797-4FD6-9636-45141D892176}.Debug|Any CPU.ActiveCfg = Debug|Any CPU
		{9EA5F4F7-5797-4FD6-9636-45141D892176}.Debug|Any CPU.Build.0 = Debug|Any CPU
		{9EA5F4F7-5797-4FD6-9636-45141D892176}.Release|Any CPU.ActiveCfg = Release|Any CPU
		{9EA5F4F7-5797-4FD6-9636-45141D892176}.Release|Any CPU.Build.0 = Release|Any CPU
	EndGlobalSection
	GlobalSection(SolutionProperties) = preSolution
		HideSolutionNode = FALSE
	EndGlobalSection
	GlobalSection(ExtensibilityGlobals) = postSolution
		SolutionGuid = {534E2377-F9C3-4A07-9A0B-5FDA3C007980}
	EndGlobalSection
EndGlobal
