
Microsoft Visual Studio Solution File, Format Version 12.00
# Visual Studio Version 16
VisualStudioVersion = 16.0.30503.244
MinimumVisualStudioVersion = 10.0.40219.1
Project("{FAE04EC0-301F-11D3-BF4B-00C04F79EFBC}") = "DataSourcesWizard", "DataSourcesWizard\DataSourcesWizard.csproj", "{083626FF-D694-4F13-8537-FCE005BED90E}"
EndProject
Global
	GlobalSection(SolutionConfigurationPlatforms) = preSolution
		Debug|Any CPU = Debug|Any CPU
		Release|Any CPU = Release|Any CPU
	EndGlobalSection
	GlobalSection(ProjectConfigurationPlatforms) = postSolution
		{083626FF-D694-4F13-8537-FCE005BED90E}.Debug|Any CPU.ActiveCfg = Debug|Any CPU
		{083626FF-D694-4F13-8537-FCE005BED90E}.Debug|Any CPU.Build.0 = Debug|Any CPU
		{083626FF-D694-4F13-8537-FCE005BED90E}.Release|Any CPU.ActiveCfg = Release|Any CPU
		{083626FF-D694-4F13-8537-FCE005BED90E}.Release|Any CPU.Build.0 = Release|Any CPU
	EndGlobalSection
	GlobalSection(SolutionProperties) = preSolution
		HideSolutionNode = FALSE
	EndGlobalSection
	GlobalSection(ExtensibilityGlobals) = postSolution
		SolutionGuid = {860BDFBA-D014-45AE-85C3-6A8B008CCED0}
	EndGlobalSection
EndGlobal
